
Microsoft Visual Studio Solution File, Format Version 12.00
# Visual Studio Version 17
VisualStudioVersion = 17.0.31903.59
MinimumVisualStudioVersion = 10.0.40219.1
Project("{9A19103F-16F7-4668-BE54-9A1E7A4F7556}") = "InOrderTraversalTree", "InOrderTraversalTree\InOrderTraversalTree.csproj", "{D043339A-0AF6-4D0E-89FB-2764252AFAF5}"
EndProject
Project("{2150E333-8FDC-42A3-9474-1A3956D46DE8}") = "InOrderTraversalTree", "InOrderTraversalTree", "{162333FA-5667-464B-987B-42C129B50C36}"
EndProject
Project("{2150E333-8FDC-42A3-9474-1A3956D46DE8}") = "BinarySearchInTree", "BinarySearchInTree", "{C86872EA-3BF7-4172-9A52-2FCB22001DDA}"
EndProject
Project("{9A19103F-16F7-4668-BE54-9A1E7A4F7556}") = "BinarySearchInTree", "BinarySearchInTree\BinarySearchInTree.csproj", "{142B52BD-639C-4D13-BF80-D566AC949222}"
EndProject
Global
	GlobalSection(SolutionConfigurationPlatforms) = preSolution
		Debug|Any CPU = Debug|Any CPU
		Release|Any CPU = Release|Any CPU
	EndGlobalSection
	GlobalSection(ProjectConfigurationPlatforms) = postSolution
		{D043339A-0AF6-4D0E-89FB-2764252AFAF5}.Debug|Any CPU.ActiveCfg = Debug|Any CPU
		{D043339A-0AF6-4D0E-89FB-2764252AFAF5}.Debug|Any CPU.Build.0 = Debug|Any CPU
		{D043339A-0AF6-4D0E-89FB-2764252AFAF5}.Release|Any CPU.ActiveCfg = Release|Any CPU
		{D043339A-0AF6-4D0E-89FB-2764252AFAF5}.Release|Any CPU.Build.0 = Release|Any CPU
		{142B52BD-639C-4D13-BF80-D566AC949222}.Debug|Any CPU.ActiveCfg = Debug|Any CPU
		{142B52BD-639C-4D13-BF80-D566AC949222}.Debug|Any CPU.Build.0 = Debug|Any CPU
		{142B52BD-639C-4D13-BF80-D566AC949222}.Release|Any CPU.ActiveCfg = Release|Any CPU
		{142B52BD-639C-4D13-BF80-D566AC949222}.Release|Any CPU.Build.0 = Release|Any CPU
	EndGlobalSection
	GlobalSection(SolutionProperties) = preSolution
		HideSolutionNode = FALSE
	EndGlobalSection
	GlobalSection(NestedProjects) = preSolution
		{D043339A-0AF6-4D0E-89FB-2764252AFAF5} = {162333FA-5667-464B-987B-42C129B50C36}
		{142B52BD-639C-4D13-BF80-D566AC949222} = {C86872EA-3BF7-4172-9A52-2FCB22001DDA}
	EndGlobalSection
	GlobalSection(ExtensibilityGlobals) = postSolution
		SolutionGuid = {DB95ADB4-238D-4ACB-A633-B6C0D54F1AF2}
	EndGlobalSection
EndGlobal
